
Microsoft Visual Studio Solution File, Format Version 11.00
# Visual Studio 2010
Project("{FAE04EC0-301F-11D3-BF4B-00C04F79EFBC}") = "Assembly-CSharp", "Assembly-CSharp.csproj", "{b9e84515-c456-0e12-df15-0e7eba1508d3}"
EndProject
Project("{FAE04EC0-301F-11D3-BF4B-00C04F79EFBC}") = "Assembly-CSharp-Editor", "Assembly-CSharp-Editor.csproj", "{f801f500-cb62-2999-8728-70a0e44e209d}"
EndProject
Global
	GlobalSection(SolutionConfigurationPlatforms) = preSolution
		Debug|Any CPU = Debug|Any CPU
	EndGlobalSection
	GlobalSection(ProjectConfigurationPlatforms) = postSolution
		{b9e84515-c456-0e12-df15-0e7eba1508d3}.Debug|Any CPU.ActiveCfg = Debug|Any CPU
		{b9e84515-c456-0e12-df15-0e7eba1508d3}.Debug|Any CPU.Build.0 = Debug|Any CPU
		{f801f500-cb62-2999-8728-70a0e44e209d}.Debug|Any CPU.ActiveCfg = Debug|Any CPU
		{f801f500-cb62-2999-8728-70a0e44e209d}.Debug|Any CPU.Build.0 = Debug|Any CPU
	EndGlobalSection
	GlobalSection(SolutionProperties) = preSolution
		HideSolutionNode = FALSE
	EndGlobalSection
EndGlobal
